// !$*UTF8*$!
{
	archiveVersion = 1;
	classes = {
	};
	objectVersion = 46;
	objects = {

/* Begin PBXBuildFile section */
		20359CBC1B6EE6FF007BF4CE /* AppDelegate.swift in Sources */ = {isa = PBXBuildFile; fileRef = 20359CBB1B6EE6FF007BF4CE /* AppDelegate.swift */; };
		20359CC31B6EE700007BF4CE /* Main.storyboard in Resources */ = {isa = PBXBuildFile; fileRef = 20359CC11B6EE700007BF4CE /* Main.storyboard */; };
		20359CC51B6EE700007BF4CE /* Assets.xcassets in Resources */ = {isa = PBXBuildFile; fileRef = 20359CC41B6EE700007BF4CE /* Assets.xcassets */; };
		20359CC81B6EE700007BF4CE /* LaunchScreen.storyboard in Resources */ = {isa = PBXBuildFile; fileRef = 20359CC61B6EE700007BF4CE /* LaunchScreen.storyboard */; };
		20359CD31B6EE700007BF4CE /* MickleDealsTests.swift in Sources */ = {isa = PBXBuildFile; fileRef = 20359CD21B6EE700007BF4CE /* MickleDealsTests.swift */; };
		20359CDE1B6EE700007BF4CE /* MickleDealsUITests.swift in Sources */ = {isa = PBXBuildFile; fileRef = 20359CDD1B6EE700007BF4CE /* MickleDealsUITests.swift */; };
		20359CED1B6EE8F5007BF4CE /* HomeViewController.swift in Sources */ = {isa = PBXBuildFile; fileRef = 20359CEB1B6EE8F5007BF4CE /* HomeViewController.swift */; };
		20359CF11B6EEF5C007BF4CE /* SaveViewController.swift in Sources */ = {isa = PBXBuildFile; fileRef = 20359CEF1B6EEF5C007BF4CE /* SaveViewController.swift */; };
		20359CF71B6EEF82007BF4CE /* MyCouponViewController.swift in Sources */ = {isa = PBXBuildFile; fileRef = 20359CF51B6EEF82007BF4CE /* MyCouponViewController.swift */; };
		20359CFB1B6EEF9C007BF4CE /* SearchViewController.swift in Sources */ = {isa = PBXBuildFile; fileRef = 20359CF91B6EEF9C007BF4CE /* SearchViewController.swift */; };
		20359D061B6F24F0007BF4CE /* Constants.swift in Sources */ = {isa = PBXBuildFile; fileRef = 20359D051B6F24F0007BF4CE /* Constants.swift */; };
		20359D0A1B6F4CFE007BF4CE /* CouponInfo.swift in Sources */ = {isa = PBXBuildFile; fileRef = 20359D091B6F4CFE007BF4CE /* CouponInfo.swift */; };
		20359D0C1B6F4E3C007BF4CE /* DataListModel.swift in Sources */ = {isa = PBXBuildFile; fileRef = 20359D0B1B6F4E3C007BF4CE /* DataListModel.swift */; };
		20359D0E1B6F4F38007BF4CE /* Utils.swift in Sources */ = {isa = PBXBuildFile; fileRef = 20359D0D1B6F4F38007BF4CE /* Utils.swift */; };
		20424B0B1B78753E007DB15C /* FilterListController.swift in Sources */ = {isa = PBXBuildFile; fileRef = 20424B091B78753E007DB15C /* FilterListController.swift */; };
		20424B0F1B79E137007DB15C /* NotificationListController.swift in Sources */ = {isa = PBXBuildFile; fileRef = 20424B0D1B79E137007DB15C /* NotificationListController.swift */; };
		207D00C11B782FEC000359CA /* MDConfig.swift in Sources */ = {isa = PBXBuildFile; fileRef = 207D00C01B782FEC000359CA /* MDConfig.swift */; };
		208775ED1B8A9D2300FDADBE /* PaymentViewController.swift in Sources */ = {isa = PBXBuildFile; fileRef = 208775EC1B8A9D2300FDADBE /* PaymentViewController.swift */; };
		208775EF1B8A9D4C00FDADBE /* LoginViewController.swift in Sources */ = {isa = PBXBuildFile; fileRef = 208775EE1B8A9D4C00FDADBE /* LoginViewController.swift */; };
		208775F11B8AC22E00FDADBE /* MDLoginManager.swift in Sources */ = {isa = PBXBuildFile; fileRef = 208775F01B8AC22E00FDADBE /* MDLoginManager.swift */; };
		20B0952C1B812A030038E45B /* SearchUIViewController.swift in Sources */ = {isa = PBXBuildFile; fileRef = 20B0952B1B812A030038E45B /* SearchUIViewController.swift */; };
		20B095301B814CD00038E45B /* MoreViewController.swift in Sources */ = {isa = PBXBuildFile; fileRef = 20B0952F1B814CD00038E45B /* MoreViewController.swift */; };
		20C006461B891766007AB84A /* ConfirmPurchaseViewController.swift in Sources */ = {isa = PBXBuildFile; fileRef = 20C006451B891766007AB84A /* ConfirmPurchaseViewController.swift */; };
		20CB7A1A1B81A26D00037073 /* MyCouponHeaderView.swift in Sources */ = {isa = PBXBuildFile; fileRef = 20CB7A191B81A26D00037073 /* MyCouponHeaderView.swift */; };
		20E78FDB1B76ABD2005DA659 /* CouponDetailsController.swift in Sources */ = {isa = PBXBuildFile; fileRef = 20E78FD91B76ABD2005DA659 /* CouponDetailsController.swift */; };
		20EE87BC1B708B0A005CA45B /* BrowseViewController.swift in Sources */ = {isa = PBXBuildFile; fileRef = 20EE87BA1B708B0A005CA45B /* BrowseViewController.swift */; };
		20EE87C01B744761005CA45B /* BrowseCouponCell.swift in Sources */ = {isa = PBXBuildFile; fileRef = 20EE87BE1B744761005CA45B /* BrowseCouponCell.swift */; };
/* End PBXBuildFile section */

/* Begin PBXContainerItemProxy section */
		20359CCF1B6EE700007BF4CE /* PBXContainerItemProxy */ = {
			isa = PBXContainerItemProxy;
			containerPortal = 20359CB01B6EE6FF007BF4CE /* Project object */;
			proxyType = 1;
			remoteGlobalIDString = 20359CB71B6EE6FF007BF4CE;
			remoteInfo = MickleDeals;
		};
		20359CDA1B6EE700007BF4CE /* PBXContainerItemProxy */ = {
			isa = PBXContainerItemProxy;
			containerPortal = 20359CB01B6EE6FF007BF4CE /* Project object */;
			proxyType = 1;
			remoteGlobalIDString = 20359CB71B6EE6FF007BF4CE;
			remoteInfo = MickleDeals;
		};
/* End PBXContainerItemProxy section */

/* Begin PBXFileReference section */
		20359CB81B6EE6FF007BF4CE /* MickleDeals.app */ = {isa = PBXFileReference; explicitFileType = wrapper.application; includeInIndex = 0; path = MickleDeals.app; sourceTree = BUILT_PRODUCTS_DIR; };
		20359CBB1B6EE6FF007BF4CE /* AppDelegate.swift */ = {isa = PBXFileReference; lastKnownFileType = sourcecode.swift; path = AppDelegate.swift; sourceTree = "<group>"; };
		20359CC21B6EE700007BF4CE /* Base */ = {isa = PBXFileReference; lastKnownFileType = file.storyboard; name = Base; path = Base.lproj/Main.storyboard; sourceTree = "<group>"; };
		20359CC41B6EE700007BF4CE /* Assets.xcassets */ = {isa = PBXFileReference; lastKnownFileType = folder.assetcatalog; path = Assets.xcassets; sourceTree = "<group>"; };
		20359CC71B6EE700007BF4CE /* Base */ = {isa = PBXFileReference; lastKnownFileType = file.storyboard; name = Base; path = Base.lproj/LaunchScreen.storyboard; sourceTree = "<group>"; };
		20359CC91B6EE700007BF4CE /* Info.plist */ = {isa = PBXFileReference; lastKnownFileType = text.plist.xml; path = Info.plist; sourceTree = "<group>"; };
		20359CCE1B6EE700007BF4CE /* MickleDealsTests.xctest */ = {isa = PBXFileReference; explicitFileType = wrapper.cfbundle; includeInIndex = 0; path = MickleDealsTests.xctest; sourceTree = BUILT_PRODUCTS_DIR; };
		20359CD21B6EE700007BF4CE /* MickleDealsTests.swift */ = {isa = PBXFileReference; lastKnownFileType = sourcecode.swift; path = MickleDealsTests.swift; sourceTree = "<group>"; };
		20359CD41B6EE700007BF4CE /* Info.plist */ = {isa = PBXFileReference; lastKnownFileType = text.plist.xml; path = Info.plist; sourceTree = "<group>"; };
		20359CD91B6EE700007BF4CE /* MickleDealsUITests.xctest */ = {isa = PBXFileReference; explicitFileType = wrapper.cfbundle; includeInIndex = 0; path = MickleDealsUITests.xctest; sourceTree = BUILT_PRODUCTS_DIR; };
		20359CDD1B6EE700007BF4CE /* MickleDealsUITests.swift */ = {isa = PBXFileReference; lastKnownFileType = sourcecode.swift; path = MickleDealsUITests.swift; sourceTree = "<group>"; };
		20359CDF1B6EE700007BF4CE /* Info.plist */ = {isa = PBXFileReference; lastKnownFileType = text.plist.xml; path = Info.plist; sourceTree = "<group>"; };
		20359CEB1B6EE8F5007BF4CE /* HomeViewController.swift */ = {isa = PBXFileReference; fileEncoding = 4; lastKnownFileType = sourcecode.swift; path = HomeViewController.swift; sourceTree = "<group>"; };
		20359CEF1B6EEF5C007BF4CE /* SaveViewController.swift */ = {isa = PBXFileReference; fileEncoding = 4; lastKnownFileType = sourcecode.swift; path = SaveViewController.swift; sourceTree = "<group>"; };
		20359CF51B6EEF82007BF4CE /* MyCouponViewController.swift */ = {isa = PBXFileReference; fileEncoding = 4; lastKnownFileType = sourcecode.swift; path = MyCouponViewController.swift; sourceTree = "<group>"; };
		20359CF91B6EEF9C007BF4CE /* SearchViewController.swift */ = {isa = PBXFileReference; fileEncoding = 4; lastKnownFileType = sourcecode.swift; path = SearchViewController.swift; sourceTree = "<group>"; };
		20359D051B6F24F0007BF4CE /* Constants.swift */ = {isa = PBXFileReference; fileEncoding = 4; lastKnownFileType = sourcecode.swift; name = Constants.swift; path = MickleDeals/Constants.swift; sourceTree = "<group>"; };
		20359D091B6F4CFE007BF4CE /* CouponInfo.swift */ = {isa = PBXFileReference; fileEncoding = 4; lastKnownFileType = sourcecode.swift; path = CouponInfo.swift; sourceTree = "<group>"; };
		20359D0B1B6F4E3C007BF4CE /* DataListModel.swift */ = {isa = PBXFileReference; fileEncoding = 4; lastKnownFileType = sourcecode.swift; path = DataListModel.swift; sourceTree = "<group>"; };
		20359D0D1B6F4F38007BF4CE /* Utils.swift */ = {isa = PBXFileReference; fileEncoding = 4; lastKnownFileType = sourcecode.swift; path = Utils.swift; sourceTree = "<group>"; };
		20424B091B78753E007DB15C /* FilterListController.swift */ = {isa = PBXFileReference; fileEncoding = 4; lastKnownFileType = sourcecode.swift; path = FilterListController.swift; sourceTree = "<group>"; };
		20424B0D1B79E137007DB15C /* NotificationListController.swift */ = {isa = PBXFileReference; fileEncoding = 4; lastKnownFileType = sourcecode.swift; name = NotificationListController.swift; path = ../NotificationListController.swift; sourceTree = "<group>"; };
		207D00C01B782FEC000359CA /* MDConfig.swift */ = {isa = PBXFileReference; fileEncoding = 4; lastKnownFileType = sourcecode.swift; path = MDConfig.swift; sourceTree = "<group>"; };
		208775EC1B8A9D2300FDADBE /* PaymentViewController.swift */ = {isa = PBXFileReference; fileEncoding = 4; lastKnownFileType = sourcecode.swift; path = PaymentViewController.swift; sourceTree = "<group>"; };
		208775EE1B8A9D4C00FDADBE /* LoginViewController.swift */ = {isa = PBXFileReference; fileEncoding = 4; lastKnownFileType = sourcecode.swift; path = LoginViewController.swift; sourceTree = "<group>"; };
		208775F01B8AC22E00FDADBE /* MDLoginManager.swift */ = {isa = PBXFileReference; fileEncoding = 4; lastKnownFileType = sourcecode.swift; path = MDLoginManager.swift; sourceTree = "<group>"; };
		20B0952B1B812A030038E45B /* SearchUIViewController.swift */ = {isa = PBXFileReference; fileEncoding = 4; lastKnownFileType = sourcecode.swift; path = SearchUIViewController.swift; sourceTree = "<group>"; };
		20B0952F1B814CD00038E45B /* MoreViewController.swift */ = {isa = PBXFileReference; fileEncoding = 4; lastKnownFileType = sourcecode.swift; name = MoreViewController.swift; path = ../MoreViewController.swift; sourceTree = "<group>"; };
		20C006451B891766007AB84A /* ConfirmPurchaseViewController.swift */ = {isa = PBXFileReference; fileEncoding = 4; lastKnownFileType = sourcecode.swift; path = ConfirmPurchaseViewController.swift; sourceTree = "<group>"; };
		20CB7A191B81A26D00037073 /* MyCouponHeaderView.swift */ = {isa = PBXFileReference; fileEncoding = 4; lastKnownFileType = sourcecode.swift; name = MyCouponHeaderView.swift; path = ../MyCouponHeaderView.swift; sourceTree = "<group>"; };
		20E78FD91B76ABD2005DA659 /* CouponDetailsController.swift */ = {isa = PBXFileReference; fileEncoding = 4; lastKnownFileType = sourcecode.swift; path = CouponDetailsController.swift; sourceTree = "<group>"; };
		20EE87BA1B708B0A005CA45B /* BrowseViewController.swift */ = {isa = PBXFileReference; fileEncoding = 4; lastKnownFileType = sourcecode.swift; path = BrowseViewController.swift; sourceTree = "<group>"; };
		20EE87BE1B744761005CA45B /* BrowseCouponCell.swift */ = {isa = PBXFileReference; fileEncoding = 4; lastKnownFileType = sourcecode.swift; path = BrowseCouponCell.swift; sourceTree = "<group>"; };
/* End PBXFileReference section */

/* Begin PBXFrameworksBuildPhase section */
		20359CB51B6EE6FF007BF4CE /* Frameworks */ = {
			isa = PBXFrameworksBuildPhase;
			buildActionMask = 2147483647;
			files = (
			);
			runOnlyForDeploymentPostprocessing = 0;
		};
		20359CCB1B6EE700007BF4CE /* Frameworks */ = {
			isa = PBXFrameworksBuildPhase;
			buildActionMask = 2147483647;
			files = (
			);
			runOnlyForDeploymentPostprocessing = 0;
		};
		20359CD61B6EE700007BF4CE /* Frameworks */ = {
			isa = PBXFrameworksBuildPhase;
			buildActionMask = 2147483647;
			files = (
			);
			runOnlyForDeploymentPostprocessing = 0;
		};
/* End PBXFrameworksBuildPhase section */

/* Begin PBXGroup section */
		20359CAF1B6EE6FF007BF4CE = {
			isa = PBXGroup;
			children = (
				20359D081B6F4CB8007BF4CE /* DataModel */,
				20359D071B6F4CA8007BF4CE /* Utils */,
				20359CBA1B6EE6FF007BF4CE /* MickleDeals */,
				20359CD11B6EE700007BF4CE /* MickleDealsTests */,
				20359CDC1B6EE700007BF4CE /* MickleDealsUITests */,
				20359CB91B6EE6FF007BF4CE /* Products */,
			);
			sourceTree = "<group>";
		};
		20359CB91B6EE6FF007BF4CE /* Products */ = {
			isa = PBXGroup;
			children = (
				20359CB81B6EE6FF007BF4CE /* MickleDeals.app */,
				20359CCE1B6EE700007BF4CE /* MickleDealsTests.xctest */,
				20359CD91B6EE700007BF4CE /* MickleDealsUITests.xctest */,
			);
			name = Products;
			sourceTree = "<group>";
		};
		20359CBA1B6EE6FF007BF4CE /* MickleDeals */ = {
			isa = PBXGroup;
			children = (
				20CB7A191B81A26D00037073 /* MyCouponHeaderView.swift */,
				20B0952F1B814CD00038E45B /* MoreViewController.swift */,
				20424B0D1B79E137007DB15C /* NotificationListController.swift */,
				20359CBB1B6EE6FF007BF4CE /* AppDelegate.swift */,
				20359CEB1B6EE8F5007BF4CE /* HomeViewController.swift */,
				20359CEF1B6EEF5C007BF4CE /* SaveViewController.swift */,
				20359CF91B6EEF9C007BF4CE /* SearchViewController.swift */,
				20B0952B1B812A030038E45B /* SearchUIViewController.swift */,
				20359CF51B6EEF82007BF4CE /* MyCouponViewController.swift */,
				20359CC11B6EE700007BF4CE /* Main.storyboard */,
				208775EE1B8A9D4C00FDADBE /* LoginViewController.swift */,
				208775EC1B8A9D2300FDADBE /* PaymentViewController.swift */,
				20E78FD91B76ABD2005DA659 /* CouponDetailsController.swift */,
				20EE87BE1B744761005CA45B /* BrowseCouponCell.swift */,
				20359CC41B6EE700007BF4CE /* Assets.xcassets */,
				20359CC61B6EE700007BF4CE /* LaunchScreen.storyboard */,
				20359CC91B6EE700007BF4CE /* Info.plist */,
				20EE87BA1B708B0A005CA45B /* BrowseViewController.swift */,
				20424B091B78753E007DB15C /* FilterListController.swift */,
				20C006451B891766007AB84A /* ConfirmPurchaseViewController.swift */,
			);
			path = MickleDeals;
			sourceTree = "<group>";
		};
		20359CD11B6EE700007BF4CE /* MickleDealsTests */ = {
			isa = PBXGroup;
			children = (
				20359CD21B6EE700007BF4CE /* MickleDealsTests.swift */,
				20359CD41B6EE700007BF4CE /* Info.plist */,
			);
			path = MickleDealsTests;
			sourceTree = "<group>";
		};
		20359CDC1B6EE700007BF4CE /* MickleDealsUITests */ = {
			isa = PBXGroup;
			children = (
				20359CDD1B6EE700007BF4CE /* MickleDealsUITests.swift */,
				20359CDF1B6EE700007BF4CE /* Info.plist */,
			);
			path = MickleDealsUITests;
			sourceTree = "<group>";
		};
		20359D071B6F4CA8007BF4CE /* Utils */ = {
			isa = PBXGroup;
			children = (
				20359D051B6F24F0007BF4CE /* Constants.swift */,
				20359D0D1B6F4F38007BF4CE /* Utils.swift */,
				207D00C01B782FEC000359CA /* MDConfig.swift */,
				208775F01B8AC22E00FDADBE /* MDLoginManager.swift */,
			);
			name = Utils;
			sourceTree = "<group>";
		};
		20359D081B6F4CB8007BF4CE /* DataModel */ = {
			isa = PBXGroup;
			children = (
				20359D091B6F4CFE007BF4CE /* CouponInfo.swift */,
				20359D0B1B6F4E3C007BF4CE /* DataListModel.swift */,
			);
			name = DataModel;
			sourceTree = "<group>";
		};
/* End PBXGroup section */

/* Begin PBXNativeTarget section */
		20359CB71B6EE6FF007BF4CE /* MickleDeals */ = {
			isa = PBXNativeTarget;
			buildConfigurationList = 20359CE21B6EE700007BF4CE /* Build configuration list for PBXNativeTarget "MickleDeals" */;
			buildPhases = (
				20359CB41B6EE6FF007BF4CE /* Sources */,
				20359CB51B6EE6FF007BF4CE /* Frameworks */,
				20359CB61B6EE6FF007BF4CE /* Resources */,
			);
			buildRules = (
			);
			dependencies = (
			);
			name = MickleDeals;
			productName = MickleDeals;
			productReference = 20359CB81B6EE6FF007BF4CE /* MickleDeals.app */;
			productType = "com.apple.product-type.application";
		};
		20359CCD1B6EE700007BF4CE /* MickleDealsTests */ = {
			isa = PBXNativeTarget;
			buildConfigurationList = 20359CE51B6EE700007BF4CE /* Build configuration list for PBXNativeTarget "MickleDealsTests" */;
			buildPhases = (
				20359CCA1B6EE700007BF4CE /* Sources */,
				20359CCB1B6EE700007BF4CE /* Frameworks */,
				20359CCC1B6EE700007BF4CE /* Resources */,
			);
			buildRules = (
			);
			dependencies = (
				20359CD01B6EE700007BF4CE /* PBXTargetDependency */,
			);
			name = MickleDealsTests;
			productName = MickleDealsTests;
			productReference = 20359CCE1B6EE700007BF4CE /* MickleDealsTests.xctest */;
			productType = "com.apple.product-type.bundle.unit-test";
		};
		20359CD81B6EE700007BF4CE /* MickleDealsUITests */ = {
			isa = PBXNativeTarget;
			buildConfigurationList = 20359CE81B6EE700007BF4CE /* Build configuration list for PBXNativeTarget "MickleDealsUITests" */;
			buildPhases = (
				20359CD51B6EE700007BF4CE /* Sources */,
				20359CD61B6EE700007BF4CE /* Frameworks */,
				20359CD71B6EE700007BF4CE /* Resources */,
			);
			buildRules = (
			);
			dependencies = (
				20359CDB1B6EE700007BF4CE /* PBXTargetDependency */,
			);
			name = MickleDealsUITests;
			productName = MickleDealsUITests;
			productReference = 20359CD91B6EE700007BF4CE /* MickleDealsUITests.xctest */;
			productType = "com.apple.product-type.bundle.ui-testing";
		};
/* End PBXNativeTarget section */

/* Begin PBXProject section */
		20359CB01B6EE6FF007BF4CE /* Project object */ = {
			isa = PBXProject;
			attributes = {
				LastUpgradeCheck = 0700;
				ORGANIZATIONNAME = "Chan, Nicky";
				TargetAttributes = {
					20359CB71B6EE6FF007BF4CE = {
						CreatedOnToolsVersion = 7.0;
						DevelopmentTeam = 6P39QK4E8A;
					};
					20359CCD1B6EE700007BF4CE = {
						CreatedOnToolsVersion = 7.0;
						TestTargetID = 20359CB71B6EE6FF007BF4CE;
					};
					20359CD81B6EE700007BF4CE = {
						CreatedOnToolsVersion = 7.0;
						TestTargetID = 20359CB71B6EE6FF007BF4CE;
					};
				};
			};
			buildConfigurationList = 20359CB31B6EE6FF007BF4CE /* Build configuration list for PBXProject "MickleDeals" */;
			compatibilityVersion = "Xcode 3.2";
			developmentRegion = English;
			hasScannedForEncodings = 0;
			knownRegions = (
				en,
				Base,
			);
			mainGroup = 20359CAF1B6EE6FF007BF4CE;
			productRefGroup = 20359CB91B6EE6FF007BF4CE /* Products */;
			projectDirPath = "";
			projectRoot = "";
			targets = (
				20359CB71B6EE6FF007BF4CE /* MickleDeals */,
				20359CCD1B6EE700007BF4CE /* MickleDealsTests */,
				20359CD81B6EE700007BF4CE /* MickleDealsUITests */,
			);
		};
/* End PBXProject section */

/* Begin PBXResourcesBuildPhase section */
		20359CB61B6EE6FF007BF4CE /* Resources */ = {
			isa = PBXResourcesBuildPhase;
			buildActionMask = 2147483647;
			files = (
				20359CC81B6EE700007BF4CE /* LaunchScreen.storyboard in Resources */,
				20359CC51B6EE700007BF4CE /* Assets.xcassets in Resources */,
				20359CC31B6EE700007BF4CE /* Main.storyboard in Resources */,
			);
			runOnlyForDeploymentPostprocessing = 0;
		};
		20359CCC1B6EE700007BF4CE /* Resources */ = {
			isa = PBXResourcesBuildPhase;
			buildActionMask = 2147483647;
			files = (
			);
			runOnlyForDeploymentPostprocessing = 0;
		};
		20359CD71B6EE700007BF4CE /* Resources */ = {
			isa = PBXResourcesBuildPhase;
			buildActionMask = 2147483647;
			files = (
			);
			runOnlyForDeploymentPostprocessing = 0;
		};
/* End PBXResourcesBuildPhase section */

/* Begin PBXSourcesBuildPhase section */
		20359CB41B6EE6FF007BF4CE /* Sources */ = {
			isa = PBXSourcesBuildPhase;
			buildActionMask = 2147483647;
			files = (
				208775EF1B8A9D4C00FDADBE /* LoginViewController.swift in Sources */,
				20359CFB1B6EEF9C007BF4CE /* SearchViewController.swift in Sources */,
				20359CF71B6EEF82007BF4CE /* MyCouponViewController.swift in Sources */,
				207D00C11B782FEC000359CA /* MDConfig.swift in Sources */,
				20359CBC1B6EE6FF007BF4CE /* AppDelegate.swift in Sources */,
				20424B0F1B79E137007DB15C /* NotificationListController.swift in Sources */,
				20EE87BC1B708B0A005CA45B /* BrowseViewController.swift in Sources */,
				20B095301B814CD00038E45B /* MoreViewController.swift in Sources */,
				208775F11B8AC22E00FDADBE /* MDLoginManager.swift in Sources */,
				208775ED1B8A9D2300FDADBE /* PaymentViewController.swift in Sources */,
				20359D0A1B6F4CFE007BF4CE /* CouponInfo.swift in Sources */,
				20359D0E1B6F4F38007BF4CE /* Utils.swift in Sources */,
				20359D061B6F24F0007BF4CE /* Constants.swift in Sources */,
				20359CF11B6EEF5C007BF4CE /* SaveViewController.swift in Sources */,
				20CB7A1A1B81A26D00037073 /* MyCouponHeaderView.swift in Sources */,
				20E78FDB1B76ABD2005DA659 /* CouponDetailsController.swift in Sources */,
				20424B0B1B78753E007DB15C /* FilterListController.swift in Sources */,
				20B0952C1B812A030038E45B /* SearchUIViewController.swift in Sources */,
				20C006461B891766007AB84A /* ConfirmPurchaseViewController.swift in Sources */,
				20359D0C1B6F4E3C007BF4CE /* DataListModel.swift in Sources */,
				20359CED1B6EE8F5007BF4CE /* HomeViewController.swift in Sources */,
				20EE87C01B744761005CA45B /* BrowseCouponCell.swift in Sources */,
			);
			runOnlyForDeploymentPostprocessing = 0;
		};
		20359CCA1B6EE700007BF4CE /* Sources */ = {
			isa = PBXSourcesBuildPhase;
			buildActionMask = 2147483647;
			files = (
				20359CD31B6EE700007BF4CE /* MickleDealsTests.swift in Sources */,
			);
			runOnlyForDeploymentPostprocessing = 0;
		};
		20359CD51B6EE700007BF4CE /* Sources */ = {
			isa = PBXSourcesBuildPhase;
			buildActionMask = 2147483647;
			files = (
				20359CDE1B6EE700007BF4CE /* MickleDealsUITests.swift in Sources */,
			);
			runOnlyForDeploymentPostprocessing = 0;
		};
/* End PBXSourcesBuildPhase section */

/* Begin PBXTargetDependency section */
		20359CD01B6EE700007BF4CE /* PBXTargetDependency */ = {
			isa = PBXTargetDependency;
			target = 20359CB71B6EE6FF007BF4CE /* MickleDeals */;
			targetProxy = 20359CCF1B6EE700007BF4CE /* PBXContainerItemProxy */;
		};
		20359CDB1B6EE700007BF4CE /* PBXTargetDependency */ = {
			isa = PBXTargetDependency;
			target = 20359CB71B6EE6FF007BF4CE /* MickleDeals */;
			targetProxy = 20359CDA1B6EE700007BF4CE /* PBXContainerItemProxy */;
		};
/* End PBXTargetDependency section */

/* Begin PBXVariantGroup section */
		20359CC11B6EE700007BF4CE /* Main.storyboard */ = {
			isa = PBXVariantGroup;
			children = (
				20359CC21B6EE700007BF4CE /* Base */,
			);
			name = Main.storyboard;
			sourceTree = "<group>";
		};
		20359CC61B6EE700007BF4CE /* LaunchScreen.storyboard */ = {
			isa = PBXVariantGroup;
			children = (
				20359CC71B6EE700007BF4CE /* Base */,
			);
			name = LaunchScreen.storyboard;
			sourceTree = "<group>";
		};
/* End PBXVariantGroup section */

/* Begin XCBuildConfiguration section */
		20359CE01B6EE700007BF4CE /* Debug */ = {
			isa = XCBuildConfiguration;
			buildSettings = {
				ALWAYS_SEARCH_USER_PATHS = NO;
				CLANG_CXX_LANGUAGE_STANDARD = "gnu++0x";
				CLANG_CXX_LIBRARY = "libc++";
				CLANG_ENABLE_MODULES = YES;
				CLANG_ENABLE_OBJC_ARC = YES;
				CLANG_WARN_BOOL_CONVERSION = YES;
				CLANG_WARN_CONSTANT_CONVERSION = YES;
				CLANG_WARN_DIRECT_OBJC_ISA_USAGE = YES_ERROR;
				CLANG_WARN_EMPTY_BODY = YES;
				CLANG_WARN_ENUM_CONVERSION = YES;
				CLANG_WARN_INT_CONVERSION = YES;
				CLANG_WARN_OBJC_ROOT_CLASS = YES_ERROR;
				CLANG_WARN_UNREACHABLE_CODE = YES;
				CLANG_WARN__DUPLICATE_METHOD_MATCH = YES;
				"CODE_SIGN_IDENTITY[sdk=iphoneos*]" = "iPhone Developer";
				COPY_PHASE_STRIP = NO;
				DEBUG_INFORMATION_FORMAT = dwarf;
				ENABLE_STRICT_OBJC_MSGSEND = YES;
				ENABLE_TESTABILITY = YES;
				GCC_C_LANGUAGE_STANDARD = gnu99;
				GCC_DYNAMIC_NO_PIC = NO;
				GCC_NO_COMMON_BLOCKS = YES;
				GCC_OPTIMIZATION_LEVEL = 0;
				GCC_PREPROCESSOR_DEFINITIONS = (
					"DEBUG=1",
					"$(inherited)",
				);
				GCC_WARN_64_TO_32_BIT_CONVERSION = YES;
				GCC_WARN_ABOUT_RETURN_TYPE = YES_ERROR;
				GCC_WARN_UNDECLARED_SELECTOR = YES;
				GCC_WARN_UNINITIALIZED_AUTOS = YES_AGGRESSIVE;
				GCC_WARN_UNUSED_FUNCTION = YES;
				GCC_WARN_UNUSED_VARIABLE = YES;
				IPHONEOS_DEPLOYMENT_TARGET = 9.0;
				MTL_ENABLE_DEBUG_INFO = YES;
				ONLY_ACTIVE_ARCH = YES;
				SDKROOT = iphoneos;
				SWIFT_OPTIMIZATION_LEVEL = "-Onone";
				TARGETED_DEVICE_FAMILY = "1,2";
			};
			name = Debug;
		};
		20359CE11B6EE700007BF4CE /* Release */ = {
			isa = XCBuildConfiguration;
			buildSettings = {
				ALWAYS_SEARCH_USER_PATHS = NO;
				CLANG_CXX_LANGUAGE_STANDARD = "gnu++0x";
				CLANG_CXX_LIBRARY = "libc++";
				CLANG_ENABLE_MODULES = YES;
				CLANG_ENABLE_OBJC_ARC = YES;
				CLANG_WARN_BOOL_CONVERSION = YES;
				CLANG_WARN_CONSTANT_CONVERSION = YES;
				CLANG_WARN_DIRECT_OBJC_ISA_USAGE = YES_ERROR;
				CLANG_WARN_EMPTY_BODY = YES;
				CLANG_WARN_ENUM_CONVERSION = YES;
				CLANG_WARN_INT_CONVERSION = YES;
				CLANG_WARN_OBJC_ROOT_CLASS = YES_ERROR;
				CLANG_WARN_UNREACHABLE_CODE = YES;
				CLANG_WARN__DUPLICATE_METHOD_MATCH = YES;
				"CODE_SIGN_IDENTITY[sdk=iphoneos*]" = "iPhone Developer";
				COPY_PHASE_STRIP = NO;
				DEBUG_INFORMATION_FORMAT = "dwarf-with-dsym";
				ENABLE_NS_ASSERTIONS = NO;
				ENABLE_STRICT_OBJC_MSGSEND = YES;
				GCC_C_LANGUAGE_STANDARD = gnu99;
				GCC_NO_COMMON_BLOCKS = YES;
				GCC_WARN_64_TO_32_BIT_CONVERSION = YES;
				GCC_WARN_ABOUT_RETURN_TYPE = YES_ERROR;
				GCC_WARN_UNDECLARED_SELECTOR = YES;
				GCC_WARN_UNINITIALIZED_AUTOS = YES_AGGRESSIVE;
				GCC_WARN_UNUSED_FUNCTION = YES;
				GCC_WARN_UNUSED_VARIABLE = YES;
				IPHONEOS_DEPLOYMENT_TARGET = 9.0;
				MTL_ENABLE_DEBUG_INFO = NO;
				SDKROOT = iphoneos;
				TARGETED_DEVICE_FAMILY = "1,2";
				VALIDATE_PRODUCT = YES;
			};
			name = Release;
		};
		20359CE31B6EE700007BF4CE /* Debug */ = {
			isa = XCBuildConfiguration;
			buildSettings = {
				ASSETCATALOG_COMPILER_APPICON_NAME = AppIcon;
				ASSETCATALOG_COMPILER_LAUNCHIMAGE_NAME = LaunchImage;
				CODE_SIGN_IDENTITY = "iPhone Developer";
				"CODE_SIGN_IDENTITY[sdk=iphoneos*]" = "iPhone Developer";
				INFOPLIST_FILE = MickleDeals/Info.plist;
				IPHONEOS_DEPLOYMENT_TARGET = 7.0;
				LD_RUNPATH_SEARCH_PATHS = "$(inherited) @executable_path/Frameworks";
				PRODUCT_BUNDLE_IDENTIFIER = com.mickledeals.MickleDeals;
				PRODUCT_NAME = "$(TARGET_NAME)";
				PROVISIONING_PROFILE = "";
				TARGETED_DEVICE_FAMILY = "1,2";
			};
			name = Debug;
		};
		20359CE41B6EE700007BF4CE /* Release */ = {
			isa = XCBuildConfiguration;
			buildSettings = {
				ASSETCATALOG_COMPILER_APPICON_NAME = AppIcon;
				ASSETCATALOG_COMPILER_LAUNCHIMAGE_NAME = LaunchImage;
				CODE_SIGN_IDENTITY = "iPhone Developer";
				"CODE_SIGN_IDENTITY[sdk=iphoneos*]" = "iPhone Developer";
				INFOPLIST_FILE = MickleDeals/Info.plist;
				IPHONEOS_DEPLOYMENT_TARGET = 7.0;
				LD_RUNPATH_SEARCH_PATHS = "$(inherited) @executable_path/Frameworks";
				PRODUCT_BUNDLE_IDENTIFIER = com.mickledeals.MickleDeals;
				PRODUCT_NAME = "$(TARGET_NAME)";
				PROVISIONING_PROFILE = "";
				TARGETED_DEVICE_FAMILY = "1,2";
			};
			name = Release;
		};
		20359CE61B6EE700007BF4CE /* Debug */ = {
			isa = XCBuildConfiguration;
			buildSettings = {
				BUNDLE_LOADER = "$(TEST_HOST)";
				INFOPLIST_FILE = MickleDealsTests/Info.plist;
				LD_RUNPATH_SEARCH_PATHS = "$(inherited) @executable_path/Frameworks @loader_path/Frameworks";
				PRODUCT_BUNDLE_IDENTIFIER = com.mickledeals.MickleDealsTests;
				PRODUCT_NAME = "$(TARGET_NAME)";
				TEST_HOST = "$(BUILT_PRODUCTS_DIR)/MickleDeals.app/MickleDeals";
			};
			name = Debug;
		};
		20359CE71B6EE700007BF4CE /* Release */ = {
			isa = XCBuildConfiguration;
			buildSettings = {
				BUNDLE_LOADER = "$(TEST_HOST)";
				INFOPLIST_FILE = MickleDealsTests/Info.plist;
				LD_RUNPATH_SEARCH_PATHS = "$(inherited) @executable_path/Frameworks @loader_path/Frameworks";
				PRODUCT_BUNDLE_IDENTIFIER = com.mickledeals.MickleDealsTests;
				PRODUCT_NAME = "$(TARGET_NAME)";
				TEST_HOST = "$(BUILT_PRODUCTS_DIR)/MickleDeals.app/MickleDeals";
			};
			name = Release;
		};
		20359CE91B6EE700007BF4CE /* Debug */ = {
			isa = XCBuildConfiguration;
			buildSettings = {
				INFOPLIST_FILE = MickleDealsUITests/Info.plist;
				LD_RUNPATH_SEARCH_PATHS = "$(inherited) @executable_path/Frameworks @loader_path/Frameworks";
				PRODUCT_BUNDLE_IDENTIFIER = com.mickledeals.MickleDealsUITests;
				PRODUCT_NAME = "$(TARGET_NAME)";
				TEST_TARGET_NAME = MickleDeals;
				USES_XCTRUNNER = YES;
			};
			name = Debug;
		};
		20359CEA1B6EE700007BF4CE /* Release */ = {
			isa = XCBuildConfiguration;
			buildSettings = {
				INFOPLIST_FILE = MickleDealsUITests/Info.plist;
				LD_RUNPATH_SEARCH_PATHS = "$(inherited) @executable_path/Frameworks @loader_path/Frameworks";
				PRODUCT_BUNDLE_IDENTIFIER = com.mickledeals.MickleDealsUITests;
				PRODUCT_NAME = "$(TARGET_NAME)";
				TEST_TARGET_NAME = MickleDeals;
				USES_XCTRUNNER = YES;
			};
			name = Release;
		};
/* End XCBuildConfiguration section */

/* Begin XCConfigurationList section */
		20359CB31B6EE6FF007BF4CE /* Build configuration list for PBXProject "MickleDeals" */ = {
			isa = XCConfigurationList;
			buildConfigurations = (
				20359CE01B6EE700007BF4CE /* Debug */,
				20359CE11B6EE700007BF4CE /* Release */,
			);
			defaultConfigurationIsVisible = 0;
			defaultConfigurationName = Release;
		};
		20359CE21B6EE700007BF4CE /* Build configuration list for PBXNativeTarget "MickleDeals" */ = {
			isa = XCConfigurationList;
			buildConfigurations = (
				20359CE31B6EE700007BF4CE /* Debug */,
				20359CE41B6EE700007BF4CE /* Release */,
			);
			defaultConfigurationIsVisible = 0;
			defaultConfigurationName = Release;
		};
		20359CE51B6EE700007BF4CE /* Build configuration list for PBXNativeTarget "MickleDealsTests" */ = {
			isa = XCConfigurationList;
			buildConfigurations = (
				20359CE61B6EE700007BF4CE /* Debug */,
				20359CE71B6EE700007BF4CE /* Release */,
			);
			defaultConfigurationIsVisible = 0;
			defaultConfigurationName = Release;
		};
		20359CE81B6EE700007BF4CE /* Build configuration list for PBXNativeTarget "MickleDealsUITests" */ = {
			isa = XCConfigurationList;
			buildConfigurations = (
				20359CE91B6EE700007BF4CE /* Debug */,
				20359CEA1B6EE700007BF4CE /* Release */,
			);
			defaultConfigurationIsVisible = 0;
			defaultConfigurationName = Release;
		};
/* End XCConfigurationList section */
	};
	rootObject = 20359CB01B6EE6FF007BF4CE /* Project object */;
}
